
Microsoft Visual Studio Solution File, Format Version 12.00
# Visual Studio 15
VisualStudioVersion = 15.0.26730.16
MinimumVisualStudioVersion = 10.0.40219.1
Project("{FAE04EC0-301F-11D3-BF4B-00C04F79EFBC}") = "CommonErrorsKata", "CommonErrorsKata\CommonErrorsKata.csproj", "{22642A11-D93D-4CA7-9A36-1DF851C8F457}"
EndProject
Project("{FAE04EC0-301F-11D3-BF4B-00C04F79EFBC}") = "CommonErrors.Shared", "CommonErrors.Shared\CommonErrors.Shared.csproj", "{BB0CABA6-7C36-402E-834D-0E99C28D2317}"
EndProject
Project("{FAE04EC0-301F-11D3-BF4B-00C04F79EFBC}") = "CommonErrorsKata.Tests", "CommonErrorsKata.Tests\CommonErrorsKata.Tests.csproj", "{EF1562F2-AA12-4808-A4C6-B5DA118F8CEF}"
EndProject
Global
	GlobalSection(SolutionConfigurationPlatforms) = preSolution
		Debug|Any CPU = Debug|Any CPU
		Release|Any CPU = Release|Any CPU
	EndGlobalSection
	GlobalSection(ProjectConfigurationPlatforms) = postSolution
		{22642A11-D93D-4CA7-9A36-1DF851C8F457}.Debug|Any CPU.ActiveCfg = Debug|Any CPU
		{22642A11-D93D-4CA7-9A36-1DF851C8F457}.Debug|Any CPU.Build.0 = Debug|Any CPU
		{22642A11-D93D-4CA7-9A36-1DF851C8F457}.Release|Any CPU.ActiveCfg = Release|Any CPU
		{22642A11-D93D-4CA7-9A36-1DF851C8F457}.Release|Any CPU.Build.0 = Release|Any CPU
		{BB0CABA6-7C36-402E-834D-0E99C28D2317}.Debug|Any CPU.ActiveCfg = Debug|Any CPU
		{BB0CABA6-7C36-402E-834D-0E99C28D2317}.Debug|Any CPU.Build.0 = Debug|Any CPU
		{BB0CABA6-7C36-402E-834D-0E99C28D2317}.Release|Any CPU.ActiveCfg = Release|Any CPU
		{BB0CABA6-7C36-402E-834D-0E99C28D2317}.Release|Any CPU.Build.0 = Release|Any CPU
		{EF1562F2-AA12-4808-A4C6-B5DA118F8CEF}.Debug|Any CPU.ActiveCfg = Debug|Any CPU
		{EF1562F2-AA12-4808-A4C6-B5DA118F8CEF}.Debug|Any CPU.Build.0 = Debug|Any CPU
		{EF1562F2-AA12-4808-A4C6-B5DA118F8CEF}.Release|Any CPU.ActiveCfg = Release|Any CPU
		{EF1562F2-AA12-4808-A4C6-B5DA118F8CEF}.Release|Any CPU.Build.0 = Release|Any CPU
	EndGlobalSection
	GlobalSection(SolutionProperties) = preSolution
		HideSolutionNode = FALSE
	EndGlobalSection
	GlobalSection(ExtensibilityGlobals) = postSolution
		SolutionGuid = {20223A04-ABFF-49EB-929E-4A867A8ABC60}
	EndGlobalSection
EndGlobal
